# DO NOT EDIT MANUALLY - Managed by Fern Replay
version: "1.0"
generations:
  - commit_sha: d4c6e9cf59e55b84d7049d660defad10d4260a8f
    tree_hash: 9fee8e3f19e1245ecf25300fa4d61c1bdbfe21a1
    timestamp: 2026-08-16T18:21:42.273Z
    cli_version: unknown
    generator_versions: {}
current_generation: d4c6e9cf59e55b84d7049d660defad10d4260a8f
patches: []
